
Microsoft Visual Studio Solution File, Format Version 12.00
# Visual Studio 2012
Project("{FAE04EC0-301F-11D3-BF4B-00C04F79EFBC}") = "WatchKSL", "WatchKSL\WatchKSL.csproj", "{1A584AA4-D18A-4779-A737-D5CE5566CA34}"
EndProject
Project("{2150E333-8FDC-42A3-9474-1A3956D46DE8}") = "Solution Items", "Solution Items", "{81609DDC-0ECB-44CC-99B5-E11015B676A4}"
EndProject
Project("{FAE04EC0-301F-11D3-BF4B-00C04F79EFBC}") = "DataAccess", "DataAccess\DataAccess.csproj", "{231C8DE3-54F6-4155-91B0-13AD086F7ECF}"
EndProject
Project("{FAE04EC0-301F-11D3-BF4B-00C04F79EFBC}") = "SearchEngineSystem", "SearchEngine\SearchEngineSystem.csproj", "{778B349D-D7DE-4A59-8E9F-E81C58E42757}"
EndProject
Global
	GlobalSection(SolutionConfigurationPlatforms) = preSolution
		Debug|Any CPU = Debug|Any CPU
		Release|Any CPU = Release|Any CPU
	EndGlobalSection
	GlobalSection(ProjectConfigurationPlatforms) = postSolution
		{1A584AA4-D18A-4779-A737-D5CE5566CA34}.Debug|Any CPU.ActiveCfg = Debug|Any CPU
		{1A584AA4-D18A-4779-A737-D5CE5566CA34}.Debug|Any CPU.Build.0 = Debug|Any CPU
		{1A584AA4-D18A-4779-A737-D5CE5566CA34}.Release|Any CPU.ActiveCfg = Release|Any CPU
		{1A584AA4-D18A-4779-A737-D5CE5566CA34}.Release|Any CPU.Build.0 = Release|Any CPU
		{231C8DE3-54F6-4155-91B0-13AD086F7ECF}.Debug|Any CPU.ActiveCfg = Debug|Any CPU
		{231C8DE3-54F6-4155-91B0-13AD086F7ECF}.Debug|Any CPU.Build.0 = Debug|Any CPU
		{231C8DE3-54F6-4155-91B0-13AD086F7ECF}.Release|Any CPU.ActiveCfg = Release|Any CPU
		{231C8DE3-54F6-4155-91B0-13AD086F7ECF}.Release|Any CPU.Build.0 = Release|Any CPU
		{778B349D-D7DE-4A59-8E9F-E81C58E42757}.Debug|Any CPU.ActiveCfg = Debug|Any CPU
		{778B349D-D7DE-4A59-8E9F-E81C58E42757}.Debug|Any CPU.Build.0 = Debug|Any CPU
		{778B349D-D7DE-4A59-8E9F-E81C58E42757}.Release|Any CPU.ActiveCfg = Release|Any CPU
		{778B349D-D7DE-4A59-8E9F-E81C58E42757}.Release|Any CPU.Build.0 = Release|Any CPU
	EndGlobalSection
	GlobalSection(SolutionProperties) = preSolution
		HideSolutionNode = FALSE
	EndGlobalSection
EndGlobal
